// !$*UTF8*$!
{
	archiveVersion = 1;
	classes = {
	};
	objectVersion = 46;
	objects = {

/* Begin PBXBuildFile section */
		8B07C949193C9D6A7102A6A0 /* Pods_PhotohostingIOS.framework in Frameworks */ = {isa = PBXBuildFile; fileRef = 38F2CB03D0390EA38238FBFB /* Pods_PhotohostingIOS.framework */; };
		D00EC17A1E088B6F00484BF4 /* FullPhotoViewController.swift in Sources */ = {isa = PBXBuildFile; fileRef = D00EC1791E088B6F00484BF4 /* FullPhotoViewController.swift */; };
		D0B6A0371DF4C6D900ABC0B8 /* AppDelegate.swift in Sources */ = {isa = PBXBuildFile; fileRef = D0B6A0361DF4C6D900ABC0B8 /* AppDelegate.swift */; };
		D0B6A03C1DF4C6D900ABC0B8 /* Main.storyboard in Resources */ = {isa = PBXBuildFile; fileRef = D0B6A03A1DF4C6D900ABC0B8 /* Main.storyboard */; };
		D0B6A03F1DF4C6D900ABC0B8 /* PhotohostingIOS.xcdatamodeld in Sources */ = {isa = PBXBuildFile; fileRef = D0B6A03D1DF4C6D900ABC0B8 /* PhotohostingIOS.xcdatamodeld */; };
		D0B6A0411DF4C6D900ABC0B8 /* Assets.xcassets in Resources */ = {isa = PBXBuildFile; fileRef = D0B6A0401DF4C6D900ABC0B8 /* Assets.xcassets */; };
		D0B6A0441DF4C6D900ABC0B8 /* LaunchScreen.storyboard in Resources */ = {isa = PBXBuildFile; fileRef = D0B6A0421DF4C6D900ABC0B8 /* LaunchScreen.storyboard */; };
		D0B6A04C1DF4C93B00ABC0B8 /* PageParser.swift in Sources */ = {isa = PBXBuildFile; fileRef = D0B6A04B1DF4C93B00ABC0B8 /* PageParser.swift */; };
		D0FC464E1E089C2B00B8EBB2 /* AlbumCollectionViewController.swift in Sources */ = {isa = PBXBuildFile; fileRef = D0FC464D1E089C2B00B8EBB2 /* AlbumCollectionViewController.swift */; };
/* End PBXBuildFile section */

/* Begin PBXFileReference section */
		38F2CB03D0390EA38238FBFB /* Pods_PhotohostingIOS.framework */ = {isa = PBXFileReference; explicitFileType = wrapper.framework; includeInIndex = 0; path = Pods_PhotohostingIOS.framework; sourceTree = BUILT_PRODUCTS_DIR; };
		3F2EC74ED39C6B1EFB72C491 /* Pods-PhotohostingIOS.debug.xcconfig */ = {isa = PBXFileReference; includeInIndex = 1; lastKnownFileType = text.xcconfig; name = "Pods-PhotohostingIOS.debug.xcconfig"; path = "Pods/Target Support Files/Pods-PhotohostingIOS/Pods-PhotohostingIOS.debug.xcconfig"; sourceTree = "<group>"; };
		6D8B007EAB946DC936AC3C72 /* Pods-PhotohostingIOS.release.xcconfig */ = {isa = PBXFileReference; includeInIndex = 1; lastKnownFileType = text.xcconfig; name = "Pods-PhotohostingIOS.release.xcconfig"; path = "Pods/Target Support Files/Pods-PhotohostingIOS/Pods-PhotohostingIOS.release.xcconfig"; sourceTree = "<group>"; };
		D00EC1791E088B6F00484BF4 /* FullPhotoViewController.swift */ = {isa = PBXFileReference; fileEncoding = 4; lastKnownFileType = sourcecode.swift; name = FullPhotoViewController.swift; path = ViewControllers/FullPhotoViewController.swift; sourceTree = "<group>"; };
		D0B6A0331DF4C6D900ABC0B8 /* PhotohostingIOS.app */ = {isa = PBXFileReference; explicitFileType = wrapper.application; includeInIndex = 0; path = PhotohostingIOS.app; sourceTree = BUILT_PRODUCTS_DIR; };
		D0B6A0361DF4C6D900ABC0B8 /* AppDelegate.swift */ = {isa = PBXFileReference; lastKnownFileType = sourcecode.swift; path = AppDelegate.swift; sourceTree = "<group>"; };
		D0B6A03B1DF4C6D900ABC0B8 /* Base */ = {isa = PBXFileReference; lastKnownFileType = file.storyboard; name = Base; path = Base.lproj/Main.storyboard; sourceTree = "<group>"; };
		D0B6A03E1DF4C6D900ABC0B8 /* PhotohostingIOS.xcdatamodel */ = {isa = PBXFileReference; lastKnownFileType = wrapper.xcdatamodel; path = PhotohostingIOS.xcdatamodel; sourceTree = "<group>"; };
		D0B6A0401DF4C6D900ABC0B8 /* Assets.xcassets */ = {isa = PBXFileReference; lastKnownFileType = folder.assetcatalog; path = Assets.xcassets; sourceTree = "<group>"; };
		D0B6A0431DF4C6D900ABC0B8 /* Base */ = {isa = PBXFileReference; lastKnownFileType = file.storyboard; name = Base; path = Base.lproj/LaunchScreen.storyboard; sourceTree = "<group>"; };
		D0B6A0451DF4C6D900ABC0B8 /* Info.plist */ = {isa = PBXFileReference; lastKnownFileType = text.plist.xml; path = Info.plist; sourceTree = "<group>"; };
		D0B6A04B1DF4C93B00ABC0B8 /* PageParser.swift */ = {isa = PBXFileReference; fileEncoding = 4; lastKnownFileType = sourcecode.swift; name = PageParser.swift; path = Model/PageParser.swift; sourceTree = "<group>"; };
		D0FC464D1E089C2B00B8EBB2 /* AlbumCollectionViewController.swift */ = {isa = PBXFileReference; fileEncoding = 4; lastKnownFileType = sourcecode.swift; name = AlbumCollectionViewController.swift; path = ViewControllers/AlbumCollectionViewController.swift; sourceTree = "<group>"; };
/* End PBXFileReference section */

/* Begin PBXFrameworksBuildPhase section */
		D0B6A0301DF4C6D900ABC0B8 /* Frameworks */ = {
			isa = PBXFrameworksBuildPhase;
			buildActionMask = 2147483647;
			files = (
				8B07C949193C9D6A7102A6A0 /* Pods_PhotohostingIOS.framework in Frameworks */,
			);
			runOnlyForDeploymentPostprocessing = 0;
		};
/* End PBXFrameworksBuildPhase section */

/* Begin PBXGroup section */
		528E1D2AA8749DF3117242C8 /* Frameworks */ = {
			isa = PBXGroup;
			children = (
				38F2CB03D0390EA38238FBFB /* Pods_PhotohostingIOS.framework */,
			);
			name = Frameworks;
			sourceTree = "<group>";
		};
		C5E463412FA008862E79898B /* Pods */ = {
			isa = PBXGroup;
			children = (
				3F2EC74ED39C6B1EFB72C491 /* Pods-PhotohostingIOS.debug.xcconfig */,
				6D8B007EAB946DC936AC3C72 /* Pods-PhotohostingIOS.release.xcconfig */,
			);
			name = Pods;
			sourceTree = "<group>";
		};
		D0B6A02A1DF4C6D900ABC0B8 = {
			isa = PBXGroup;
			children = (
				D0B6A0351DF4C6D900ABC0B8 /* PhotohostingIOS */,
				D0B6A0341DF4C6D900ABC0B8 /* Products */,
				C5E463412FA008862E79898B /* Pods */,
				528E1D2AA8749DF3117242C8 /* Frameworks */,
			);
			sourceTree = "<group>";
		};
		D0B6A0341DF4C6D900ABC0B8 /* Products */ = {
			isa = PBXGroup;
			children = (
				D0B6A0331DF4C6D900ABC0B8 /* PhotohostingIOS.app */,
			);
			name = Products;
			sourceTree = "<group>";
		};
		D0B6A0351DF4C6D900ABC0B8 /* PhotohostingIOS */ = {
			isa = PBXGroup;
			children = (
				D0B6A0361DF4C6D900ABC0B8 /* AppDelegate.swift */,
				D0B6A04F1DF4C99400ABC0B8 /* ViewControllers */,
				D0B6A04D1DF4C96B00ABC0B8 /* Model */,
				D0B6A04E1DF4C97F00ABC0B8 /* Storyboards */,
				D0B6A0401DF4C6D900ABC0B8 /* Assets.xcassets */,
				D0B6A0451DF4C6D900ABC0B8 /* Info.plist */,
				D0B6A03D1DF4C6D900ABC0B8 /* PhotohostingIOS.xcdatamodeld */,
			);
			path = PhotohostingIOS;
			sourceTree = "<group>";
		};
		D0B6A04D1DF4C96B00ABC0B8 /* Model */ = {
			isa = PBXGroup;
			children = (
				D0B6A04B1DF4C93B00ABC0B8 /* PageParser.swift */,
			);
			name = Model;
			sourceTree = "<group>";
		};
		D0B6A04E1DF4C97F00ABC0B8 /* Storyboards */ = {
			isa = PBXGroup;
			children = (
				D0B6A03A1DF4C6D900ABC0B8 /* Main.storyboard */,
				D0B6A0421DF4C6D900ABC0B8 /* LaunchScreen.storyboard */,
			);
			name = Storyboards;
			sourceTree = "<group>";
		};
		D0B6A04F1DF4C99400ABC0B8 /* ViewControllers */ = {
			isa = PBXGroup;
			children = (
				D0FC464D1E089C2B00B8EBB2 /* AlbumCollectionViewController.swift */,
				D00EC1791E088B6F00484BF4 /* FullPhotoViewController.swift */,
			);
			name = ViewControllers;
			sourceTree = "<group>";
		};
/* End PBXGroup section */

/* Begin PBXNativeTarget section */
		D0B6A0321DF4C6D900ABC0B8 /* PhotohostingIOS */ = {
			isa = PBXNativeTarget;
			buildConfigurationList = D0B6A0481DF4C6D900ABC0B8 /* Build configuration list for PBXNativeTarget "PhotohostingIOS" */;
			buildPhases = (
				ECD1A0CEC8D9E5A99F7BB8BB /* [CP] Check Pods Manifest.lock */,
				D0B6A02F1DF4C6D900ABC0B8 /* Sources */,
				D0B6A0301DF4C6D900ABC0B8 /* Frameworks */,
				D0B6A0311DF4C6D900ABC0B8 /* Resources */,
				AA3D73365FF2DD86CA6FF624 /* [CP] Embed Pods Frameworks */,
				B3F091931FD5D4F4471DC2F8 /* [CP] Copy Pods Resources */,
			);
			buildRules = (
			);
			dependencies = (
			);
			name = PhotohostingIOS;
			productName = PhotohostingIOS;
			productReference = D0B6A0331DF4C6D900ABC0B8 /* PhotohostingIOS.app */;
			productType = "com.apple.product-type.application";
		};
/* End PBXNativeTarget section */

/* Begin PBXProject section */
		D0B6A02B1DF4C6D900ABC0B8 /* Project object */ = {
			isa = PBXProject;
			attributes = {
				LastSwiftUpdateCheck = 0810;
				LastUpgradeCheck = 0820;
				ORGANIZATIONNAME = "Кирилл Алексеев";
				TargetAttributes = {
					D0B6A0321DF4C6D900ABC0B8 = {
						CreatedOnToolsVersion = 8.1;
						DevelopmentTeam = A273H77A39;
						ProvisioningStyle = Automatic;
					};
				};
			};
			buildConfigurationList = D0B6A02E1DF4C6D900ABC0B8 /* Build configuration list for PBXProject "PhotohostingIOS" */;
			compatibilityVersion = "Xcode 3.2";
			developmentRegion = English;
			hasScannedForEncodings = 0;
			knownRegions = (
				en,
				Base,
			);
			mainGroup = D0B6A02A1DF4C6D900ABC0B8;
			productRefGroup = D0B6A0341DF4C6D900ABC0B8 /* Products */;
			projectDirPath = "";
			projectRoot = "";
			targets = (
				D0B6A0321DF4C6D900ABC0B8 /* PhotohostingIOS */,
			);
		};
/* End PBXProject section */

/* Begin PBXResourcesBuildPhase section */
		D0B6A0311DF4C6D900ABC0B8 /* Resources */ = {
			isa = PBXResourcesBuildPhase;
			buildActionMask = 2147483647;
			files = (
				D0B6A0441DF4C6D900ABC0B8 /* LaunchScreen.storyboard in Resources */,
				D0B6A0411DF4C6D900ABC0B8 /* Assets.xcassets in Resources */,
				D0B6A03C1DF4C6D900ABC0B8 /* Main.storyboard in Resources */,
			);
			runOnlyForDeploymentPostprocessing = 0;
		};
/* End PBXResourcesBuildPhase section */

/* Begin PBXShellScriptBuildPhase section */
		AA3D73365FF2DD86CA6FF624 /* [CP] Embed Pods Frameworks */ = {
			isa = PBXShellScriptBuildPhase;
			buildActionMask = 2147483647;
			files = (
			);
			inputPaths = (
			);
			name = "[CP] Embed Pods Frameworks";
			outputPaths = (
			);
			runOnlyForDeploymentPostprocessing = 0;
			shellPath = /bin/sh;
			shellScript = "\"${SRCROOT}/Pods/Target Support Files/Pods-PhotohostingIOS/Pods-PhotohostingIOS-frameworks.sh\"\n";
			showEnvVarsInLog = 0;
		};
		B3F091931FD5D4F4471DC2F8 /* [CP] Copy Pods Resources */ = {
			isa = PBXShellScriptBuildPhase;
			buildActionMask = 2147483647;
			files = (
			);
			inputPaths = (
			);
			name = "[CP] Copy Pods Resources";
			outputPaths = (
			);
			runOnlyForDeploymentPostprocessing = 0;
			shellPath = /bin/sh;
			shellScript = "\"${SRCROOT}/Pods/Target Support Files/Pods-PhotohostingIOS/Pods-PhotohostingIOS-resources.sh\"\n";
			showEnvVarsInLog = 0;
		};
		ECD1A0CEC8D9E5A99F7BB8BB /* [CP] Check Pods Manifest.lock */ = {
			isa = PBXShellScriptBuildPhase;
			buildActionMask = 2147483647;
			files = (
			);
			inputPaths = (
			);
			name = "[CP] Check Pods Manifest.lock";
			outputPaths = (
			);
			runOnlyForDeploymentPostprocessing = 0;
			shellPath = /bin/sh;
			shellScript = "diff \"${PODS_ROOT}/../Podfile.lock\" \"${PODS_ROOT}/Manifest.lock\" > /dev/null\nif [ $? != 0 ] ; then\n    # print error to STDERR\n    echo \"error: The sandbox is not in sync with the Podfile.lock. Run 'pod install' or update your CocoaPods installation.\" >&2\n    exit 1\nfi\n";
			showEnvVarsInLog = 0;
		};
/* End PBXShellScriptBuildPhase section */

/* Begin PBXSourcesBuildPhase section */
		D0B6A02F1DF4C6D900ABC0B8 /* Sources */ = {
			isa = PBXSourcesBuildPhase;
			buildActionMask = 2147483647;
			files = (
				D0FC464E1E089C2B00B8EBB2 /* AlbumCollectionViewController.swift in Sources */,
				D0B6A03F1DF4C6D900ABC0B8 /* PhotohostingIOS.xcdatamodeld in Sources */,
				D0B6A04C1DF4C93B00ABC0B8 /* PageParser.swift in Sources */,
				D00EC17A1E088B6F00484BF4 /* FullPhotoViewController.swift in Sources */,
				D0B6A0371DF4C6D900ABC0B8 /* AppDelegate.swift in Sources */,
			);
			runOnlyForDeploymentPostprocessing = 0;
		};
/* End PBXSourcesBuildPhase section */

/* Begin PBXVariantGroup section */
		D0B6A03A1DF4C6D900ABC0B8 /* Main.storyboard */ = {
			isa = PBXVariantGroup;
			children = (
				D0B6A03B1DF4C6D900ABC0B8 /* Base */,
			);
			name = Main.storyboard;
			sourceTree = "<group>";
		};
		D0B6A0421DF4C6D900ABC0B8 /* LaunchScreen.storyboard */ = {
			isa = PBXVariantGroup;
			children = (
				D0B6A0431DF4C6D900ABC0B8 /* Base */,
			);
			name = LaunchScreen.storyboard;
			sourceTree = "<group>";
		};
/* End PBXVariantGroup section */

/* Begin XCBuildConfiguration section */
		D0B6A0461DF4C6D900ABC0B8 /* Debug */ = {
			isa = XCBuildConfiguration;
			buildSettings = {
				ALWAYS_SEARCH_USER_PATHS = NO;
				CLANG_ANALYZER_NONNULL = YES;
				CLANG_CXX_LANGUAGE_STANDARD = "gnu++0x";
				CLANG_CXX_LIBRARY = "libc++";
				CLANG_ENABLE_MODULES = YES;
				CLANG_ENABLE_OBJC_ARC = YES;
				CLANG_WARN_BOOL_CONVERSION = YES;
				CLANG_WARN_CONSTANT_CONVERSION = YES;
				CLANG_WARN_DIRECT_OBJC_ISA_USAGE = YES_ERROR;
				CLANG_WARN_DOCUMENTATION_COMMENTS = YES;
				CLANG_WARN_EMPTY_BODY = YES;
				CLANG_WARN_ENUM_CONVERSION = YES;
				CLANG_WARN_INFINITE_RECURSION = YES;
				CLANG_WARN_INT_CONVERSION = YES;
				CLANG_WARN_OBJC_ROOT_CLASS = YES_ERROR;
				CLANG_WARN_SUSPICIOUS_MOVE = YES;
				CLANG_WARN_SUSPICIOUS_MOVES = YES;
				CLANG_WARN_UNREACHABLE_CODE = YES;
				CLANG_WARN__DUPLICATE_METHOD_MATCH = YES;
				"CODE_SIGN_IDENTITY[sdk=iphoneos*]" = "iPhone Developer";
				COPY_PHASE_STRIP = NO;
				DEBUG_INFORMATION_FORMAT = dwarf;
				ENABLE_STRICT_OBJC_MSGSEND = YES;
				ENABLE_TESTABILITY = YES;
				GCC_C_LANGUAGE_STANDARD = gnu99;
				GCC_DYNAMIC_NO_PIC = NO;
				GCC_NO_COMMON_BLOCKS = YES;
				GCC_OPTIMIZATION_LEVEL = 0;
				GCC_PREPROCESSOR_DEFINITIONS = (
					"DEBUG=1",
					"$(inherited)",
				);
				GCC_WARN_64_TO_32_BIT_CONVERSION = YES;
				GCC_WARN_ABOUT_RETURN_TYPE = YES_ERROR;
				GCC_WARN_UNDECLARED_SELECTOR = YES;
				GCC_WARN_UNINITIALIZED_AUTOS = YES_AGGRESSIVE;
				GCC_WARN_UNUSED_FUNCTION = YES;
				GCC_WARN_UNUSED_VARIABLE = YES;
				IPHONEOS_DEPLOYMENT_TARGET = 10.1;
				MTL_ENABLE_DEBUG_INFO = YES;
				ONLY_ACTIVE_ARCH = YES;
				SDKROOT = iphoneos;
				SWIFT_ACTIVE_COMPILATION_CONDITIONS = DEBUG;
				SWIFT_OPTIMIZATION_LEVEL = "-Onone";
				TARGETED_DEVICE_FAMILY = "1,2";
			};
			name = Debug;
		};
		D0B6A0471DF4C6D900ABC0B8 /* Release */ = {
			isa = XCBuildConfiguration;
			buildSettings = {
				ALWAYS_SEARCH_USER_PATHS = NO;
				CLANG_ANALYZER_NONNULL = YES;
				CLANG_CXX_LANGUAGE_STANDARD = "gnu++0x";
				CLANG_CXX_LIBRARY = "libc++";
				CLANG_ENABLE_MODULES = YES;
				CLANG_ENABLE_OBJC_ARC = YES;
				CLANG_WARN_BOOL_CONVERSION = YES;
				CLANG_WARN_CONSTANT_CONVERSION = YES;
				CLANG_WARN_DIRECT_OBJC_ISA_USAGE = YES_ERROR;
				CLANG_WARN_DOCUMENTATION_COMMENTS = YES;
				CLANG_WARN_EMPTY_BODY = YES;
				CLANG_WARN_ENUM_CONVERSION = YES;
				CLANG_WARN_INFINITE_RECURSION = YES;
				CLANG_WARN_INT_CONVERSION = YES;
				CLANG_WARN_OBJC_ROOT_CLASS = YES_ERROR;
				CLANG_WARN_SUSPICIOUS_MOVE = YES;
				CLANG_WARN_SUSPICIOUS_MOVES = YES;
				CLANG_WARN_UNREACHABLE_CODE = YES;
				CLANG_WARN__DUPLICATE_METHOD_MATCH = YES;
				"CODE_SIGN_IDENTITY[sdk=iphoneos*]" = "iPhone Developer";
				COPY_PHASE_STRIP = NO;
				DEBUG_INFORMATION_FORMAT = "dwarf-with-dsym";
				ENABLE_NS_ASSERTIONS = NO;
				ENABLE_STRICT_OBJC_MSGSEND = YES;
				GCC_C_LANGUAGE_STANDARD = gnu99;
				GCC_NO_COMMON_BLOCKS = YES;
				GCC_WARN_64_TO_32_BIT_CONVERSION = YES;
				GCC_WARN_ABOUT_RETURN_TYPE = YES_ERROR;
				GCC_WARN_UNDECLARED_SELECTOR = YES;
				GCC_WARN_UNINITIALIZED_AUTOS = YES_AGGRESSIVE;
				GCC_WARN_UNUSED_FUNCTION = YES;
				GCC_WARN_UNUSED_VARIABLE = YES;
				IPHONEOS_DEPLOYMENT_TARGET = 10.1;
				MTL_ENABLE_DEBUG_INFO = NO;
				SDKROOT = iphoneos;
				SWIFT_OPTIMIZATION_LEVEL = "-Owholemodule";
				TARGETED_DEVICE_FAMILY = "1,2";
				VALIDATE_PRODUCT = YES;
			};
			name = Release;
		};
		D0B6A0491DF4C6D900ABC0B8 /* Debug */ = {
			isa = XCBuildConfiguration;
			baseConfigurationReference = 3F2EC74ED39C6B1EFB72C491 /* Pods-PhotohostingIOS.debug.xcconfig */;
			buildSettings = {
				ALWAYS_EMBED_SWIFT_STANDARD_LIBRARIES = YES;
				ASSETCATALOG_COMPILER_APPICON_NAME = AppIcon;
				DEVELOPMENT_TEAM = A273H77A39;
				INFOPLIST_FILE = PhotohostingIOS/Info.plist;
				LD_RUNPATH_SEARCH_PATHS = "$(inherited) @executable_path/Frameworks";
				PRODUCT_BUNDLE_IDENTIFIER = kirill.alekseev.PhotohostingIOS;
				PRODUCT_NAME = "$(TARGET_NAME)";
				SWIFT_VERSION = 3.0;
			};
			name = Debug;
		};
		D0B6A04A1DF4C6D900ABC0B8 /* Release */ = {
			isa = XCBuildConfiguration;
			baseConfigurationReference = 6D8B007EAB946DC936AC3C72 /* Pods-PhotohostingIOS.release.xcconfig */;
			buildSettings = {
				ALWAYS_EMBED_SWIFT_STANDARD_LIBRARIES = YES;
				ASSETCATALOG_COMPILER_APPICON_NAME = AppIcon;
				DEVELOPMENT_TEAM = A273H77A39;
				INFOPLIST_FILE = PhotohostingIOS/Info.plist;
				LD_RUNPATH_SEARCH_PATHS = "$(inherited) @executable_path/Frameworks";
				PRODUCT_BUNDLE_IDENTIFIER = kirill.alekseev.PhotohostingIOS;
				PRODUCT_NAME = "$(TARGET_NAME)";
				SWIFT_VERSION = 3.0;
			};
			name = Release;
		};
/* End XCBuildConfiguration section */

/* Begin XCConfigurationList section */
		D0B6A02E1DF4C6D900ABC0B8 /* Build configuration list for PBXProject "PhotohostingIOS" */ = {
			isa = XCConfigurationList;
			buildConfigurations = (
				D0B6A0461DF4C6D900ABC0B8 /* Debug */,
				D0B6A0471DF4C6D900ABC0B8 /* Release */,
			);
			defaultConfigurationIsVisible = 0;
			defaultConfigurationName = Release;
		};
		D0B6A0481DF4C6D900ABC0B8 /* Build configuration list for PBXNativeTarget "PhotohostingIOS" */ = {
			isa = XCConfigurationList;
			buildConfigurations = (
				D0B6A0491DF4C6D900ABC0B8 /* Debug */,
				D0B6A04A1DF4C6D900ABC0B8 /* Release */,
			);
			defaultConfigurationIsVisible = 0;
			defaultConfigurationName = Release;
		};
/* End XCConfigurationList section */

/* Begin XCVersionGroup section */
		D0B6A03D1DF4C6D900ABC0B8 /* PhotohostingIOS.xcdatamodeld */ = {
			isa = XCVersionGroup;
			children = (
				D0B6A03E1DF4C6D900ABC0B8 /* PhotohostingIOS.xcdatamodel */,
			);
			currentVersion = D0B6A03E1DF4C6D900ABC0B8 /* PhotohostingIOS.xcdatamodel */;
			path = PhotohostingIOS.xcdatamodeld;
			sourceTree = "<group>";
			versionGroupType = wrapper.xcdatamodel;
		};
/* End XCVersionGroup section */
	};
	rootObject = D0B6A02B1DF4C6D900ABC0B8 /* Project object */;
}
